
Microsoft Visual Studio Solution File, Format Version 12.00
# Visual Studio Version 17
VisualStudioVersion = 17.7.34031.279
MinimumVisualStudioVersion = 10.0.40219.1
Project("{FAE04EC0-301F-11D3-BF4B-00C04F79EFBC}") = "deploy-util", "deploy-util\deploy-util.csproj", "{035B1492-42DB-4345-9323-64606888161F}"
EndProject
Global
	GlobalSection(SolutionConfigurationPlatforms) = preSolution
		Debug|Any CPU = Debug|Any CPU
		Release|Any CPU = Release|Any CPU
	EndGlobalSection
	GlobalSection(ProjectConfigurationPlatforms) = postSolution
		{035B1492-42DB-4345-9323-64606888161F}.Debug|Any CPU.ActiveCfg = Debug|Any CPU
		{035B1492-42DB-4345-9323-64606888161F}.Debug|Any CPU.Build.0 = Debug|Any CPU
		{035B1492-42DB-4345-9323-64606888161F}.Release|Any CPU.ActiveCfg = Release|Any CPU
		{035B1492-42DB-4345-9323-64606888161F}.Release|Any CPU.Build.0 = Release|Any CPU
	EndGlobalSection
	GlobalSection(SolutionProperties) = preSolution
		HideSolutionNode = FALSE
	EndGlobalSection
	GlobalSection(ExtensibilityGlobals) = postSolution
		SolutionGuid = {0065EC5D-6166-4F1C-940B-47F1BAC516D7}
	EndGlobalSection
EndGlobal
